
Microsoft Visual Studio Solution File, Format Version 12.00
# Visual Studio Version 17
VisualStudioVersion = 17.9.34701.34
MinimumVisualStudioVersion = 10.0.40219.1
Project("{FAE04EC0-301F-11D3-BF4B-00C04F79EFBC}") = "paint", "paint\paint.csproj", "{6B83CB5E-4790-468F-8533-CF7E8231D6E0}"
EndProject
Global
	GlobalSection(SolutionConfigurationPlatforms) = preSolution
		Debug|Any CPU = Debug|Any CPU
		Release|Any CPU = Release|Any CPU
	EndGlobalSection
	GlobalSection(ProjectConfigurationPlatforms) = postSolution
		{6B83CB5E-4790-468F-8533-CF7E8231D6E0}.Debug|Any CPU.ActiveCfg = Debug|Any CPU
		{6B83CB5E-4790-468F-8533-CF7E8231D6E0}.Debug|Any CPU.Build.0 = Debug|Any CPU
		{6B83CB5E-4790-468F-8533-CF7E8231D6E0}.Release|Any CPU.ActiveCfg = Release|Any CPU
		{6B83CB5E-4790-468F-8533-CF7E8231D6E0}.Release|Any CPU.Build.0 = Release|Any CPU
	EndGlobalSection
	GlobalSection(SolutionProperties) = preSolution
		HideSolutionNode = FALSE
	EndGlobalSection
	GlobalSection(ExtensibilityGlobals) = postSolution
		SolutionGuid = {4CA4BB26-EFB8-4093-8912-C8EC26A37B0B}
	EndGlobalSection
EndGlobal
